
Microsoft Visual Studio Solution File, Format Version 12.00
# Visual Studio Version 17
VisualStudioVersion = 17.12.35707.178 d17.12
MinimumVisualStudioVersion = 10.0.40219.1
Project("{FAE04EC0-301F-11D3-BF4B-00C04F79EFBC}") = "Manager", "Manager\Manager.csproj", "{3DC07A41-53F3-427F-BDB1-E3C9CCB9D324}"
EndProject
Global
	GlobalSection(SolutionConfigurationPlatforms) = preSolution
		Debug|Any CPU = Debug|Any CPU
		Release|Any CPU = Release|Any CPU
	EndGlobalSection
	GlobalSection(ProjectConfigurationPlatforms) = postSolution
		{3DC07A41-53F3-427F-BDB1-E3C9CCB9D324}.Debug|Any CPU.ActiveCfg = Debug|Any CPU
		{3DC07A41-53F3-427F-BDB1-E3C9CCB9D324}.Debug|Any CPU.Build.0 = Debug|Any CPU
		{3DC07A41-53F3-427F-BDB1-E3C9CCB9D324}.Release|Any CPU.ActiveCfg = Release|Any CPU
		{3DC07A41-53F3-427F-BDB1-E3C9CCB9D324}.Release|Any CPU.Build.0 = Release|Any CPU
	EndGlobalSection
	GlobalSection(SolutionProperties) = preSolution
		HideSolutionNode = FALSE
	EndGlobalSection
EndGlobal
